
Microsoft Visual Studio Solution File, Format Version 12.00
# Visual Studio Version 17
VisualStudioVersion = 17.14.36121.58 d17.14
MinimumVisualStudioVersion = 10.0.40219.1
Project("{FAE04EC0-301F-11D3-BF4B-00C04F79EFBC}") = "Imger", "Imger\Imger.csproj", "{D706199F-1F85-45B8-8964-94EF2BB78113}"
EndProject
Global
	GlobalSection(SolutionConfigurationPlatforms) = preSolution
		Debug|Any CPU = Debug|Any CPU
		Release|Any CPU = Release|Any CPU
	EndGlobalSection
	GlobalSection(ProjectConfigurationPlatforms) = postSolution
		{D706199F-1F85-45B8-8964-94EF2BB78113}.Debug|Any CPU.ActiveCfg = Debug|Any CPU
		{D706199F-1F85-45B8-8964-94EF2BB78113}.Debug|Any CPU.Build.0 = Debug|Any CPU
		{D706199F-1F85-45B8-8964-94EF2BB78113}.Release|Any CPU.ActiveCfg = Release|Any CPU
		{D706199F-1F85-45B8-8964-94EF2BB78113}.Release|Any CPU.Build.0 = Release|Any CPU
	EndGlobalSection
	GlobalSection(SolutionProperties) = preSolution
		HideSolutionNode = FALSE
	EndGlobalSection
	GlobalSection(ExtensibilityGlobals) = postSolution
		SolutionGuid = {59E0A842-02A0-41BF-A51F-4D8A61BC0EE1}
	EndGlobalSection
EndGlobal
